{
  "version": 4,
  "terraform_version": "1.4.6",
  "serial": 18,
  "lineage": "3402dea0-f234-6987-d0bf-6a89e699c09c",
  "outputs": {},
  "resources": [
    {
      "mode": "managed",
      "type": "aws_subnet",
      "name": "main",
      "provider": "provider[\"registry.terraform.io/hashicorp/aws\"]",
      "instances": [
        {
          "index_key": 0,
          "schema_version": 1,
          "attributes": {
            "arn": "arn:aws:ec2:ap-southeast-2:335121516364:subnet/subnet-024fadd3e6e2b5eaf",
            "assign_ipv6_address_on_creation": false,
            "availability_zone": "ap-southeast-2a",
            "availability_zone_id": "apse2-az1",
            "cidr_block": "10.20.0.0/24",
            "customer_owned_ipv4_pool": "",
            "enable_dns64": false,
            "enable_lni_at_device_index": 0,
            "enable_resource_name_dns_a_record_on_launch": false,
            "enable_resource_name_dns_aaaa_record_on_launch": false,
            "id": "subnet-024fadd3e6e2b5eaf",
            "ipv6_cidr_block": "",
            "ipv6_cidr_block_association_id": "",
            "ipv6_native": false,
            "map_customer_owned_ip_on_launch": false,
            "map_public_ip_on_launch": false,
            "outpost_arn": "",
            "owner_id": "335121516364",
            "private_dns_hostname_type_on_launch": "ip-name",
            "tags": {
              "Location": "Tirupati",
              "Name": "siva-subnets"
            },
            "tags_all": {
              "Location": "Tirupati",
              "Name": "siva-subnets"
            },
            "timeouts": null,
            "vpc_id": "vpc-04274c1e01a1ffa34"
          },
          "sensitive_attributes": [],
          "private": "eyJlMmJmYjczMC1lY2FhLTExZTYtOGY4OC0zNDM2M2JjN2M0YzAiOnsiY3JlYXRlIjo2MDAwMDAwMDAwMDAsImRlbGV0ZSI6MTIwMDAwMDAwMDAwMH0sInNjaGVtYV92ZXJzaW9uIjoiMSJ9",
          "dependencies": [
            "aws_vpc.main"
          ]
        },
        {
          "index_key": 1,
          "schema_version": 1,
          "attributes": {
            "arn": "arn:aws:ec2:ap-southeast-2:335121516364:subnet/subnet-0fd3d422caab10256",
            "assign_ipv6_address_on_creation": false,
            "availability_zone": "ap-southeast-2b",
            "availability_zone_id": "apse2-az3",
            "cidr_block": "10.20.1.0/24",
            "customer_owned_ipv4_pool": "",
            "enable_dns64": false,
            "enable_lni_at_device_index": 0,
            "enable_resource_name_dns_a_record_on_launch": false,
            "enable_resource_name_dns_aaaa_record_on_launch": false,
            "id": "subnet-0fd3d422caab10256",
            "ipv6_cidr_block": "",
            "ipv6_cidr_block_association_id": "",
            "ipv6_native": false,
            "map_customer_owned_ip_on_launch": false,
            "map_public_ip_on_launch": false,
            "outpost_arn": "",
            "owner_id": "335121516364",
            "private_dns_hostname_type_on_launch": "ip-name",
            "tags": {
              "Location": "Tirupati",
              "Name": "siva-subnets"
            },
            "tags_all": {
              "Location": "Tirupati",
              "Name": "siva-subnets"
            },
            "timeouts": null,
            "vpc_id": "vpc-04274c1e01a1ffa34"
          },
          "sensitive_attributes": [],
          "private": "eyJlMmJmYjczMC1lY2FhLTExZTYtOGY4OC0zNDM2M2JjN2M0YzAiOnsiY3JlYXRlIjo2MDAwMDAwMDAwMDAsImRlbGV0ZSI6MTIwMDAwMDAwMDAwMH0sInNjaGVtYV92ZXJzaW9uIjoiMSJ9",
          "dependencies": [
            "aws_vpc.main"
          ]
        },
        {
          "index_key": 2,
          "schema_version": 1,
          "attributes": {
            "arn": "arn:aws:ec2:ap-southeast-2:335121516364:subnet/subnet-0a82fb162207743ff",
            "assign_ipv6_address_on_creation": false,
            "availability_zone": "ap-southeast-2c",
            "availability_zone_id": "apse2-az2",
            "cidr_block": "10.20.2.0/24",
            "customer_owned_ipv4_pool": "",
            "enable_dns64": false,
            "enable_lni_at_device_index": 0,
            "enable_resource_name_dns_a_record_on_launch": false,
            "enable_resource_name_dns_aaaa_record_on_launch": false,
            "id": "subnet-0a82fb162207743ff",
            "ipv6_cidr_block": "",
            "ipv6_cidr_block_association_id": "",
            "ipv6_native": false,
            "map_customer_owned_ip_on_launch": false,
            "map_public_ip_on_launch": false,
            "outpost_arn": "",
            "owner_id": "335121516364",
            "private_dns_hostname_type_on_launch": "ip-name",
            "tags": {
              "Location": "Tirupati",
              "Name": "siva-subnets"
            },
            "tags_all": {
              "Location": "Tirupati",
              "Name": "siva-subnets"
            },
            "timeouts": null,
            "vpc_id": "vpc-04274c1e01a1ffa34"
          },
          "sensitive_attributes": [],
          "private": "eyJlMmJmYjczMC1lY2FhLTExZTYtOGY4OC0zNDM2M2JjN2M0YzAiOnsiY3JlYXRlIjo2MDAwMDAwMDAwMDAsImRlbGV0ZSI6MTIwMDAwMDAwMDAwMH0sInNjaGVtYV92ZXJzaW9uIjoiMSJ9",
          "dependencies": [
            "aws_vpc.main"
          ]
        }
      ]
    },
    {
      "mode": "managed",
      "type": "aws_vpc",
      "name": "main",
      "provider": "provider[\"registry.terraform.io/hashicorp/aws\"]",
      "instances": [
        {
          "schema_version": 1,
          "attributes": {
            "arn": "arn:aws:ec2:ap-southeast-2:335121516364:vpc/vpc-04274c1e01a1ffa34",
            "assign_generated_ipv6_cidr_block": false,
            "cidr_block": "10.20.0.0/16",
            "default_network_acl_id": "acl-08c97bef226125544",
            "default_route_table_id": "rtb-0f845be34158adfba",
            "default_security_group_id": "sg-0c6741105d49dde9c",
            "dhcp_options_id": "dopt-0d7920e2d9fe963b3",
            "enable_dns_hostnames": false,
            "enable_dns_support": true,
            "enable_network_address_usage_metrics": false,
            "id": "vpc-04274c1e01a1ffa34",
            "instance_tenancy": "default",
            "ipv4_ipam_pool_id": null,
            "ipv4_netmask_length": null,
            "ipv6_association_id": "",
            "ipv6_cidr_block": "",
            "ipv6_cidr_block_network_border_group": "",
            "ipv6_ipam_pool_id": "",
            "ipv6_netmask_length": 0,
            "main_route_table_id": "rtb-0f845be34158adfba",
            "owner_id": "335121516364",
            "tags": {
              "Location": "AP",
              "Name": "nvr-app"
            },
            "tags_all": {
              "Location": "AP",
              "Name": "nvr-app"
            }
          },
          "sensitive_attributes": [],
          "private": "eyJzY2hlbWFfdmVyc2lvbiI6IjEifQ=="
        }
      ]
    }
  ],
  "check_results": null
}
